
Microsoft Visual Studio Solution File, Format Version 12.00
# Visual Studio Version 17
VisualStudioVersion = 17.0.31912.275
MinimumVisualStudioVersion = 10.0.40219.1
Project("{FAE04EC0-301F-11D3-BF4B-00C04F79EFBC}") = "Presentation", "Presentation\Presentation.csproj", "{D5E4E683-687F-4355-9397-F91843910888}"
EndProject
Global
	GlobalSection(SolutionConfigurationPlatforms) = preSolution
		Debug|Any CPU = Debug|Any CPU
		Release|Any CPU = Release|Any CPU
	EndGlobalSection
	GlobalSection(ProjectConfigurationPlatforms) = postSolution
		{D5E4E683-687F-4355-9397-F91843910888}.Debug|Any CPU.ActiveCfg = Debug|Any CPU
		{D5E4E683-687F-4355-9397-F91843910888}.Debug|Any CPU.Build.0 = Debug|Any CPU
		{D5E4E683-687F-4355-9397-F91843910888}.Release|Any CPU.ActiveCfg = Release|Any CPU
		{D5E4E683-687F-4355-9397-F91843910888}.Release|Any CPU.Build.0 = Release|Any CPU
	EndGlobalSection
	GlobalSection(SolutionProperties) = preSolution
		HideSolutionNode = FALSE
	EndGlobalSection
	GlobalSection(ExtensibilityGlobals) = postSolution
		SolutionGuid = {E9714664-B7FD-4924-A8B8-186DD470B519}
	EndGlobalSection
EndGlobal
